{
  "name": "HireConnect",
  "lockfileVersion": 3,
  "requires": true,
  "packages": {
    "": {
      "devDependencies": {
        "netlify-plugin-inngest": "^1.0.1"
      }
    },
    "node_modules/netlify-plugin-inngest": {
      "version": "1.0.1",
      "resolved": "https://registry.npmjs.org/netlify-plugin-inngest/-/netlify-plugin-inngest-1.0.1.tgz",
      "integrity": "sha512-1BHTAAQTpxlllOqlmUmQpCDuMZlauPoNJOqJfFl7POoUZAUiR9m9+bKo1eM4D/wC4RMsm0HF4vK2ps6VSVwyoA==",
      "dev": true,
      "license": "MIT",
      "engines": {
        "node": "^12.20.0 || ^14.14.0 || >=16.0.0"
      }
    }
  }
}
